// !$*UTF8*$!
{
	archiveVersion = 1;
	classes = {
	};
	objectVersion = 46;
	objects = {

/* Begin PBXBuildFile section */
		C677CC9F1DD2453D00863AE9 /* AppDelegate.swift in Sources */ = {isa = PBXBuildFile; fileRef = C677CC9E1DD2453D00863AE9 /* AppDelegate.swift */; };
		C677CCA11DD2453D00863AE9 /* RecordSoundsViewController.swift in Sources */ = {isa = PBXBuildFile; fileRef = C677CCA01DD2453D00863AE9 /* RecordSoundsViewController.swift */; };
		C677CCA41DD2453D00863AE9 /* Main.storyboard in Resources */ = {isa = PBXBuildFile; fileRef = C677CCA21DD2453D00863AE9 /* Main.storyboard */; };
		C677CCA61DD2453D00863AE9 /* Assets.xcassets in Resources */ = {isa = PBXBuildFile; fileRef = C677CCA51DD2453D00863AE9 /* Assets.xcassets */; };
		C677CCA91DD2453D00863AE9 /* LaunchScreen.storyboard in Resources */ = {isa = PBXBuildFile; fileRef = C677CCA71DD2453D00863AE9 /* LaunchScreen.storyboard */; };
		C677CCB41DD2453D00863AE9 /* PitchPerfetTests.swift in Sources */ = {isa = PBXBuildFile; fileRef = C677CCB31DD2453D00863AE9 /* PitchPerfetTests.swift */; };
		C677CCBF1DD2453D00863AE9 /* PitchPerfetUITests.swift in Sources */ = {isa = PBXBuildFile; fileRef = C677CCBE1DD2453D00863AE9 /* PitchPerfetUITests.swift */; };
		C677CCCD1DE6558600863AE9 /* PlaySoundsViewController.swift in Sources */ = {isa = PBXBuildFile; fileRef = C677CCCC1DE6558600863AE9 /* PlaySoundsViewController.swift */; };
		C677CCCF1DE6690900863AE9 /* PlaySoundsViewController+Audio.swift in Sources */ = {isa = PBXBuildFile; fileRef = C677CCCE1DE6690900863AE9 /* PlaySoundsViewController+Audio.swift */; };
/* End PBXBuildFile section */

/* Begin PBXContainerItemProxy section */
		C677CCB01DD2453D00863AE9 /* PBXContainerItemProxy */ = {
			isa = PBXContainerItemProxy;
			containerPortal = C677CC931DD2453C00863AE9 /* Project object */;
			proxyType = 1;
			remoteGlobalIDString = C677CC9A1DD2453C00863AE9;
			remoteInfo = PitchPerfet;
		};
		C677CCBB1DD2453D00863AE9 /* PBXContainerItemProxy */ = {
			isa = PBXContainerItemProxy;
			containerPortal = C677CC931DD2453C00863AE9 /* Project object */;
			proxyType = 1;
			remoteGlobalIDString = C677CC9A1DD2453C00863AE9;
			remoteInfo = PitchPerfet;
		};
/* End PBXContainerItemProxy section */

/* Begin PBXFileReference section */
		C677CC9B1DD2453D00863AE9 /* PitchPerfet.app */ = {isa = PBXFileReference; explicitFileType = wrapper.application; includeInIndex = 0; path = PitchPerfet.app; sourceTree = BUILT_PRODUCTS_DIR; };
		C677CC9E1DD2453D00863AE9 /* AppDelegate.swift */ = {isa = PBXFileReference; lastKnownFileType = sourcecode.swift; path = AppDelegate.swift; sourceTree = "<group>"; };
		C677CCA01DD2453D00863AE9 /* RecordSoundsViewController.swift */ = {isa = PBXFileReference; lastKnownFileType = sourcecode.swift; path = RecordSoundsViewController.swift; sourceTree = "<group>"; };
		C677CCA31DD2453D00863AE9 /* Base */ = {isa = PBXFileReference; lastKnownFileType = file.storyboard; name = Base; path = Base.lproj/Main.storyboard; sourceTree = "<group>"; };
		C677CCA51DD2453D00863AE9 /* Assets.xcassets */ = {isa = PBXFileReference; lastKnownFileType = folder.assetcatalog; path = Assets.xcassets; sourceTree = "<group>"; };
		C677CCA81DD2453D00863AE9 /* Base */ = {isa = PBXFileReference; lastKnownFileType = file.storyboard; name = Base; path = Base.lproj/LaunchScreen.storyboard; sourceTree = "<group>"; };
		C677CCAA1DD2453D00863AE9 /* Info.plist */ = {isa = PBXFileReference; lastKnownFileType = text.plist.xml; path = Info.plist; sourceTree = "<group>"; };
		C677CCAF1DD2453D00863AE9 /* PitchPerfetTests.xctest */ = {isa = PBXFileReference; explicitFileType = wrapper.cfbundle; includeInIndex = 0; path = PitchPerfetTests.xctest; sourceTree = BUILT_PRODUCTS_DIR; };
		C677CCB31DD2453D00863AE9 /* PitchPerfetTests.swift */ = {isa = PBXFileReference; lastKnownFileType = sourcecode.swift; path = PitchPerfetTests.swift; sourceTree = "<group>"; };
		C677CCB51DD2453D00863AE9 /* Info.plist */ = {isa = PBXFileReference; lastKnownFileType = text.plist.xml; path = Info.plist; sourceTree = "<group>"; };
		C677CCBA1DD2453D00863AE9 /* PitchPerfetUITests.xctest */ = {isa = PBXFileReference; explicitFileType = wrapper.cfbundle; includeInIndex = 0; path = PitchPerfetUITests.xctest; sourceTree = BUILT_PRODUCTS_DIR; };
		C677CCBE1DD2453D00863AE9 /* PitchPerfetUITests.swift */ = {isa = PBXFileReference; lastKnownFileType = sourcecode.swift; path = PitchPerfetUITests.swift; sourceTree = "<group>"; };
		C677CCC01DD2453D00863AE9 /* Info.plist */ = {isa = PBXFileReference; lastKnownFileType = text.plist.xml; path = Info.plist; sourceTree = "<group>"; };
		C677CCCC1DE6558600863AE9 /* PlaySoundsViewController.swift */ = {isa = PBXFileReference; fileEncoding = 4; lastKnownFileType = sourcecode.swift; path = PlaySoundsViewController.swift; sourceTree = "<group>"; };
		C677CCCE1DE6690900863AE9 /* PlaySoundsViewController+Audio.swift */ = {isa = PBXFileReference; fileEncoding = 4; lastKnownFileType = sourcecode.swift; path = "PlaySoundsViewController+Audio.swift"; sourceTree = "<group>"; };
/* End PBXFileReference section */

/* Begin PBXFrameworksBuildPhase section */
		C677CC981DD2453C00863AE9 /* Frameworks */ = {
			isa = PBXFrameworksBuildPhase;
			buildActionMask = 2147483647;
			files = (
			);
			runOnlyForDeploymentPostprocessing = 0;
		};
		C677CCAC1DD2453D00863AE9 /* Frameworks */ = {
			isa = PBXFrameworksBuildPhase;
			buildActionMask = 2147483647;
			files = (
			);
			runOnlyForDeploymentPostprocessing = 0;
		};
		C677CCB71DD2453D00863AE9 /* Frameworks */ = {
			isa = PBXFrameworksBuildPhase;
			buildActionMask = 2147483647;
			files = (
			);
			runOnlyForDeploymentPostprocessing = 0;
		};
/* End PBXFrameworksBuildPhase section */

/* Begin PBXGroup section */
		C677CC921DD2453C00863AE9 = {
			isa = PBXGroup;
			children = (
				C677CC9D1DD2453D00863AE9 /* PitchPerfet */,
				C677CCB21DD2453D00863AE9 /* PitchPerfetTests */,
				C677CCBD1DD2453D00863AE9 /* PitchPerfetUITests */,
				C677CC9C1DD2453D00863AE9 /* Products */,
			);
			sourceTree = "<group>";
		};
		C677CC9C1DD2453D00863AE9 /* Products */ = {
			isa = PBXGroup;
			children = (
				C677CC9B1DD2453D00863AE9 /* PitchPerfet.app */,
				C677CCAF1DD2453D00863AE9 /* PitchPerfetTests.xctest */,
				C677CCBA1DD2453D00863AE9 /* PitchPerfetUITests.xctest */,
			);
			name = Products;
			sourceTree = "<group>";
		};
		C677CC9D1DD2453D00863AE9 /* PitchPerfet */ = {
			isa = PBXGroup;
			children = (
				C677CC9E1DD2453D00863AE9 /* AppDelegate.swift */,
				C677CCA51DD2453D00863AE9 /* Assets.xcassets */,
				C677CCAA1DD2453D00863AE9 /* Info.plist */,
				C677CCA71DD2453D00863AE9 /* LaunchScreen.storyboard */,
				C677CCA21DD2453D00863AE9 /* Main.storyboard */,
				C677CCCC1DE6558600863AE9 /* PlaySoundsViewController.swift */,
				C677CCCE1DE6690900863AE9 /* PlaySoundsViewController+Audio.swift */,
				C677CCA01DD2453D00863AE9 /* RecordSoundsViewController.swift */,
			);
			path = PitchPerfet;
			sourceTree = "<group>";
		};
		C677CCB21DD2453D00863AE9 /* PitchPerfetTests */ = {
			isa = PBXGroup;
			children = (
				C677CCB31DD2453D00863AE9 /* PitchPerfetTests.swift */,
				C677CCB51DD2453D00863AE9 /* Info.plist */,
			);
			path = PitchPerfetTests;
			sourceTree = "<group>";
		};
		C677CCBD1DD2453D00863AE9 /* PitchPerfetUITests */ = {
			isa = PBXGroup;
			children = (
				C677CCBE1DD2453D00863AE9 /* PitchPerfetUITests.swift */,
				C677CCC01DD2453D00863AE9 /* Info.plist */,
			);
			path = PitchPerfetUITests;
			sourceTree = "<group>";
		};
/* End PBXGroup section */

/* Begin PBXNativeTarget section */
		C677CC9A1DD2453C00863AE9 /* PitchPerfet */ = {
			isa = PBXNativeTarget;
			buildConfigurationList = C677CCC31DD2453D00863AE9 /* Build configuration list for PBXNativeTarget "PitchPerfet" */;
			buildPhases = (
				C677CC971DD2453C00863AE9 /* Sources */,
				C677CC981DD2453C00863AE9 /* Frameworks */,
				C677CC991DD2453C00863AE9 /* Resources */,
			);
			buildRules = (
			);
			dependencies = (
			);
			name = PitchPerfet;
			productName = PitchPerfet;
			productReference = C677CC9B1DD2453D00863AE9 /* PitchPerfet.app */;
			productType = "com.apple.product-type.application";
		};
		C677CCAE1DD2453D00863AE9 /* PitchPerfetTests */ = {
			isa = PBXNativeTarget;
			buildConfigurationList = C677CCC61DD2453D00863AE9 /* Build configuration list for PBXNativeTarget "PitchPerfetTests" */;
			buildPhases = (
				C677CCAB1DD2453D00863AE9 /* Sources */,
				C677CCAC1DD2453D00863AE9 /* Frameworks */,
				C677CCAD1DD2453D00863AE9 /* Resources */,
			);
			buildRules = (
			);
			dependencies = (
				C677CCB11DD2453D00863AE9 /* PBXTargetDependency */,
			);
			name = PitchPerfetTests;
			productName = PitchPerfetTests;
			productReference = C677CCAF1DD2453D00863AE9 /* PitchPerfetTests.xctest */;
			productType = "com.apple.product-type.bundle.unit-test";
		};
		C677CCB91DD2453D00863AE9 /* PitchPerfetUITests */ = {
			isa = PBXNativeTarget;
			buildConfigurationList = C677CCC91DD2453D00863AE9 /* Build configuration list for PBXNativeTarget "PitchPerfetUITests" */;
			buildPhases = (
				C677CCB61DD2453D00863AE9 /* Sources */,
				C677CCB71DD2453D00863AE9 /* Frameworks */,
				C677CCB81DD2453D00863AE9 /* Resources */,
			);
			buildRules = (
			);
			dependencies = (
				C677CCBC1DD2453D00863AE9 /* PBXTargetDependency */,
			);
			name = PitchPerfetUITests;
			productName = PitchPerfetUITests;
			productReference = C677CCBA1DD2453D00863AE9 /* PitchPerfetUITests.xctest */;
			productType = "com.apple.product-type.bundle.ui-testing";
		};
/* End PBXNativeTarget section */

/* Begin PBXProject section */
		C677CC931DD2453C00863AE9 /* Project object */ = {
			isa = PBXProject;
			attributes = {
				LastSwiftUpdateCheck = 0810;
				LastUpgradeCheck = 0810;
				ORGANIZATIONNAME = "Eddy Sant";
				TargetAttributes = {
					C677CC9A1DD2453C00863AE9 = {
						CreatedOnToolsVersion = 8.1;
						ProvisioningStyle = Automatic;
					};
					C677CCAE1DD2453D00863AE9 = {
						CreatedOnToolsVersion = 8.1;
						ProvisioningStyle = Automatic;
						TestTargetID = C677CC9A1DD2453C00863AE9;
					};
					C677CCB91DD2453D00863AE9 = {
						CreatedOnToolsVersion = 8.1;
						ProvisioningStyle = Automatic;
						TestTargetID = C677CC9A1DD2453C00863AE9;
					};
				};
			};
			buildConfigurationList = C677CC961DD2453C00863AE9 /* Build configuration list for PBXProject "PitchPerfet" */;
			compatibilityVersion = "Xcode 3.2";
			developmentRegion = English;
			hasScannedForEncodings = 0;
			knownRegions = (
				en,
				Base,
			);
			mainGroup = C677CC921DD2453C00863AE9;
			productRefGroup = C677CC9C1DD2453D00863AE9 /* Products */;
			projectDirPath = "";
			projectRoot = "";
			targets = (
				C677CC9A1DD2453C00863AE9 /* PitchPerfet */,
				C677CCAE1DD2453D00863AE9 /* PitchPerfetTests */,
				C677CCB91DD2453D00863AE9 /* PitchPerfetUITests */,
			);
		};
/* End PBXProject section */

/* Begin PBXResourcesBuildPhase section */
		C677CC991DD2453C00863AE9 /* Resources */ = {
			isa = PBXResourcesBuildPhase;
			buildActionMask = 2147483647;
			files = (
				C677CCA91DD2453D00863AE9 /* LaunchScreen.storyboard in Resources */,
				C677CCA61DD2453D00863AE9 /* Assets.xcassets in Resources */,
				C677CCA41DD2453D00863AE9 /* Main.storyboard in Resources */,
			);
			runOnlyForDeploymentPostprocessing = 0;
		};
		C677CCAD1DD2453D00863AE9 /* Resources */ = {
			isa = PBXResourcesBuildPhase;
			buildActionMask = 2147483647;
			files = (
			);
			runOnlyForDeploymentPostprocessing = 0;
		};
		C677CCB81DD2453D00863AE9 /* Resources */ = {
			isa = PBXResourcesBuildPhase;
			buildActionMask = 2147483647;
			files = (
			);
			runOnlyForDeploymentPostprocessing = 0;
		};
/* End PBXResourcesBuildPhase section */

/* Begin PBXSourcesBuildPhase section */
		C677CC971DD2453C00863AE9 /* Sources */ = {
			isa = PBXSourcesBuildPhase;
			buildActionMask = 2147483647;
			files = (
				C677CCA11DD2453D00863AE9 /* RecordSoundsViewController.swift in Sources */,
				C677CCCD1DE6558600863AE9 /* PlaySoundsViewController.swift in Sources */,
				C677CC9F1DD2453D00863AE9 /* AppDelegate.swift in Sources */,
				C677CCCF1DE6690900863AE9 /* PlaySoundsViewController+Audio.swift in Sources */,
			);
			runOnlyForDeploymentPostprocessing = 0;
		};
		C677CCAB1DD2453D00863AE9 /* Sources */ = {
			isa = PBXSourcesBuildPhase;
			buildActionMask = 2147483647;
			files = (
				C677CCB41DD2453D00863AE9 /* PitchPerfetTests.swift in Sources */,
			);
			runOnlyForDeploymentPostprocessing = 0;
		};
		C677CCB61DD2453D00863AE9 /* Sources */ = {
			isa = PBXSourcesBuildPhase;
			buildActionMask = 2147483647;
			files = (
				C677CCBF1DD2453D00863AE9 /* PitchPerfetUITests.swift in Sources */,
			);
			runOnlyForDeploymentPostprocessing = 0;
		};
/* End PBXSourcesBuildPhase section */

/* Begin PBXTargetDependency section */
		C677CCB11DD2453D00863AE9 /* PBXTargetDependency */ = {
			isa = PBXTargetDependency;
			target = C677CC9A1DD2453C00863AE9 /* PitchPerfet */;
			targetProxy = C677CCB01DD2453D00863AE9 /* PBXContainerItemProxy */;
		};
		C677CCBC1DD2453D00863AE9 /* PBXTargetDependency */ = {
			isa = PBXTargetDependency;
			target = C677CC9A1DD2453C00863AE9 /* PitchPerfet */;
			targetProxy = C677CCBB1DD2453D00863AE9 /* PBXContainerItemProxy */;
		};
/* End PBXTargetDependency section */

/* Begin PBXVariantGroup section */
		C677CCA21DD2453D00863AE9 /* Main.storyboard */ = {
			isa = PBXVariantGroup;
			children = (
				C677CCA31DD2453D00863AE9 /* Base */,
			);
			name = Main.storyboard;
			sourceTree = "<group>";
		};
		C677CCA71DD2453D00863AE9 /* LaunchScreen.storyboard */ = {
			isa = PBXVariantGroup;
			children = (
				C677CCA81DD2453D00863AE9 /* Base */,
			);
			name = LaunchScreen.storyboard;
			sourceTree = "<group>";
		};
/* End PBXVariantGroup section */

/* Begin XCBuildConfiguration section */
		C677CCC11DD2453D00863AE9 /* Debug */ = {
			isa = XCBuildConfiguration;
			buildSettings = {
				ALWAYS_SEARCH_USER_PATHS = NO;
				CLANG_ANALYZER_NONNULL = YES;
				CLANG_CXX_LANGUAGE_STANDARD = "gnu++0x";
				CLANG_CXX_LIBRARY = "libc++";
				CLANG_ENABLE_MODULES = YES;
				CLANG_ENABLE_OBJC_ARC = YES;
				CLANG_WARN_BOOL_CONVERSION = YES;
				CLANG_WARN_CONSTANT_CONVERSION = YES;
				CLANG_WARN_DIRECT_OBJC_ISA_USAGE = YES_ERROR;
				CLANG_WARN_DOCUMENTATION_COMMENTS = YES;
				CLANG_WARN_EMPTY_BODY = YES;
				CLANG_WARN_ENUM_CONVERSION = YES;
				CLANG_WARN_INFINITE_RECURSION = YES;
				CLANG_WARN_INT_CONVERSION = YES;
				CLANG_WARN_OBJC_ROOT_CLASS = YES_ERROR;
				CLANG_WARN_SUSPICIOUS_MOVES = YES;
				CLANG_WARN_UNREACHABLE_CODE = YES;
				CLANG_WARN__DUPLICATE_METHOD_MATCH = YES;
				"CODE_SIGN_IDENTITY[sdk=iphoneos*]" = "iPhone Developer";
				COPY_PHASE_STRIP = NO;
				DEBUG_INFORMATION_FORMAT = dwarf;
				ENABLE_STRICT_OBJC_MSGSEND = YES;
				ENABLE_TESTABILITY = YES;
				GCC_C_LANGUAGE_STANDARD = gnu99;
				GCC_DYNAMIC_NO_PIC = NO;
				GCC_NO_COMMON_BLOCKS = YES;
				GCC_OPTIMIZATION_LEVEL = 0;
				GCC_PREPROCESSOR_DEFINITIONS = (
					"DEBUG=1",
					"$(inherited)",
				);
				GCC_WARN_64_TO_32_BIT_CONVERSION = YES;
				GCC_WARN_ABOUT_RETURN_TYPE = YES_ERROR;
				GCC_WARN_UNDECLARED_SELECTOR = YES;
				GCC_WARN_UNINITIALIZED_AUTOS = YES_AGGRESSIVE;
				GCC_WARN_UNUSED_FUNCTION = YES;
				GCC_WARN_UNUSED_VARIABLE = YES;
				IPHONEOS_DEPLOYMENT_TARGET = 10.1;
				MTL_ENABLE_DEBUG_INFO = YES;
				ONLY_ACTIVE_ARCH = YES;
				SDKROOT = iphoneos;
				SWIFT_ACTIVE_COMPILATION_CONDITIONS = DEBUG;
				SWIFT_OPTIMIZATION_LEVEL = "-Onone";
				TARGETED_DEVICE_FAMILY = "1,2";
			};
			name = Debug;
		};
		C677CCC21DD2453D00863AE9 /* Release */ = {
			isa = XCBuildConfiguration;
			buildSettings = {
				ALWAYS_SEARCH_USER_PATHS = NO;
				CLANG_ANALYZER_NONNULL = YES;
				CLANG_CXX_LANGUAGE_STANDARD = "gnu++0x";
				CLANG_CXX_LIBRARY = "libc++";
				CLANG_ENABLE_MODULES = YES;
				CLANG_ENABLE_OBJC_ARC = YES;
				CLANG_WARN_BOOL_CONVERSION = YES;
				CLANG_WARN_CONSTANT_CONVERSION = YES;
				CLANG_WARN_DIRECT_OBJC_ISA_USAGE = YES_ERROR;
				CLANG_WARN_DOCUMENTATION_COMMENTS = YES;
				CLANG_WARN_EMPTY_BODY = YES;
				CLANG_WARN_ENUM_CONVERSION = YES;
				CLANG_WARN_INFINITE_RECURSION = YES;
				CLANG_WARN_INT_CONVERSION = YES;
				CLANG_WARN_OBJC_ROOT_CLASS = YES_ERROR;
				CLANG_WARN_SUSPICIOUS_MOVES = YES;
				CLANG_WARN_UNREACHABLE_CODE = YES;
				CLANG_WARN__DUPLICATE_METHOD_MATCH = YES;
				"CODE_SIGN_IDENTITY[sdk=iphoneos*]" = "iPhone Developer";
				COPY_PHASE_STRIP = NO;
				DEBUG_INFORMATION_FORMAT = "dwarf-with-dsym";
				ENABLE_NS_ASSERTIONS = NO;
				ENABLE_STRICT_OBJC_MSGSEND = YES;
				GCC_C_LANGUAGE_STANDARD = gnu99;
				GCC_NO_COMMON_BLOCKS = YES;
				GCC_WARN_64_TO_32_BIT_CONVERSION = YES;
				GCC_WARN_ABOUT_RETURN_TYPE = YES_ERROR;
				GCC_WARN_UNDECLARED_SELECTOR = YES;
				GCC_WARN_UNINITIALIZED_AUTOS = YES_AGGRESSIVE;
				GCC_WARN_UNUSED_FUNCTION = YES;
				GCC_WARN_UNUSED_VARIABLE = YES;
				IPHONEOS_DEPLOYMENT_TARGET = 10.1;
				MTL_ENABLE_DEBUG_INFO = NO;
				SDKROOT = iphoneos;
				SWIFT_OPTIMIZATION_LEVEL = "-Owholemodule";
				TARGETED_DEVICE_FAMILY = "1,2";
				VALIDATE_PRODUCT = YES;
			};
			name = Release;
		};
		C677CCC41DD2453D00863AE9 /* Debug */ = {
			isa = XCBuildConfiguration;
			buildSettings = {
				ASSETCATALOG_COMPILER_APPICON_NAME = AppIcon;
				INFOPLIST_FILE = PitchPerfet/Info.plist;
				LD_RUNPATH_SEARCH_PATHS = "$(inherited) @executable_path/Frameworks";
				PRODUCT_BUNDLE_IDENTIFIER = com.esant.PitchPerfet;
				PRODUCT_NAME = "$(TARGET_NAME)";
				SWIFT_VERSION = 3.0;
			};
			name = Debug;
		};
		C677CCC51DD2453D00863AE9 /* Release */ = {
			isa = XCBuildConfiguration;
			buildSettings = {
				ASSETCATALOG_COMPILER_APPICON_NAME = AppIcon;
				INFOPLIST_FILE = PitchPerfet/Info.plist;
				LD_RUNPATH_SEARCH_PATHS = "$(inherited) @executable_path/Frameworks";
				PRODUCT_BUNDLE_IDENTIFIER = com.esant.PitchPerfet;
				PRODUCT_NAME = "$(TARGET_NAME)";
				SWIFT_VERSION = 3.0;
			};
			name = Release;
		};
		C677CCC71DD2453D00863AE9 /* Debug */ = {
			isa = XCBuildConfiguration;
			buildSettings = {
				ALWAYS_EMBED_SWIFT_STANDARD_LIBRARIES = YES;
				BUNDLE_LOADER = "$(TEST_HOST)";
				INFOPLIST_FILE = PitchPerfetTests/Info.plist;
				LD_RUNPATH_SEARCH_PATHS = "$(inherited) @executable_path/Frameworks @loader_path/Frameworks";
				PRODUCT_BUNDLE_IDENTIFIER = com.esant.PitchPerfetTests;
				PRODUCT_NAME = "$(TARGET_NAME)";
				SWIFT_VERSION = 3.0;
				TEST_HOST = "$(BUILT_PRODUCTS_DIR)/PitchPerfet.app/PitchPerfet";
			};
			name = Debug;
		};
		C677CCC81DD2453D00863AE9 /* Release */ = {
			isa = XCBuildConfiguration;
			buildSettings = {
				ALWAYS_EMBED_SWIFT_STANDARD_LIBRARIES = YES;
				BUNDLE_LOADER = "$(TEST_HOST)";
				INFOPLIST_FILE = PitchPerfetTests/Info.plist;
				LD_RUNPATH_SEARCH_PATHS = "$(inherited) @executable_path/Frameworks @loader_path/Frameworks";
				PRODUCT_BUNDLE_IDENTIFIER = com.esant.PitchPerfetTests;
				PRODUCT_NAME = "$(TARGET_NAME)";
				SWIFT_VERSION = 3.0;
				TEST_HOST = "$(BUILT_PRODUCTS_DIR)/PitchPerfet.app/PitchPerfet";
			};
			name = Release;
		};
		C677CCCA1DD2453D00863AE9 /* Debug */ = {
			isa = XCBuildConfiguration;
			buildSettings = {
				ALWAYS_EMBED_SWIFT_STANDARD_LIBRARIES = YES;
				INFOPLIST_FILE = PitchPerfetUITests/Info.plist;
				LD_RUNPATH_SEARCH_PATHS = "$(inherited) @executable_path/Frameworks @loader_path/Frameworks";
				PRODUCT_BUNDLE_IDENTIFIER = com.esant.PitchPerfetUITests;
				PRODUCT_NAME = "$(TARGET_NAME)";
				SWIFT_VERSION = 3.0;
				TEST_TARGET_NAME = PitchPerfet;
			};
			name = Debug;
		};
		C677CCCB1DD2453D00863AE9 /* Release */ = {
			isa = XCBuildConfiguration;
			buildSettings = {
				ALWAYS_EMBED_SWIFT_STANDARD_LIBRARIES = YES;
				INFOPLIST_FILE = PitchPerfetUITests/Info.plist;
				LD_RUNPATH_SEARCH_PATHS = "$(inherited) @executable_path/Frameworks @loader_path/Frameworks";
				PRODUCT_BUNDLE_IDENTIFIER = com.esant.PitchPerfetUITests;
				PRODUCT_NAME = "$(TARGET_NAME)";
				SWIFT_VERSION = 3.0;
				TEST_TARGET_NAME = PitchPerfet;
			};
			name = Release;
		};
/* End XCBuildConfiguration section */

/* Begin XCConfigurationList section */
		C677CC961DD2453C00863AE9 /* Build configuration list for PBXProject "PitchPerfet" */ = {
			isa = XCConfigurationList;
			buildConfigurations = (
				C677CCC11DD2453D00863AE9 /* Debug */,
				C677CCC21DD2453D00863AE9 /* Release */,
			);
			defaultConfigurationIsVisible = 0;
			defaultConfigurationName = Release;
		};
		C677CCC31DD2453D00863AE9 /* Build configuration list for PBXNativeTarget "PitchPerfet" */ = {
			isa = XCConfigurationList;
			buildConfigurations = (
				C677CCC41DD2453D00863AE9 /* Debug */,
				C677CCC51DD2453D00863AE9 /* Release */,
			);
			defaultConfigurationIsVisible = 0;
		};
		C677CCC61DD2453D00863AE9 /* Build configuration list for PBXNativeTarget "PitchPerfetTests" */ = {
			isa = XCConfigurationList;
			buildConfigurations = (
				C677CCC71DD2453D00863AE9 /* Debug */,
				C677CCC81DD2453D00863AE9 /* Release */,
			);
			defaultConfigurationIsVisible = 0;
		};
		C677CCC91DD2453D00863AE9 /* Build configuration list for PBXNativeTarget "PitchPerfetUITests" */ = {
			isa = XCConfigurationList;
			buildConfigurations = (
				C677CCCA1DD2453D00863AE9 /* Debug */,
				C677CCCB1DD2453D00863AE9 /* Release */,
			);
			defaultConfigurationIsVisible = 0;
		};
/* End XCConfigurationList section */
	};
	rootObject = C677CC931DD2453C00863AE9 /* Project object */;
}
